Microsoft Visual Studio Solution File, Format Version 12.00
# Visual Studio Version 17
VisualStudioVersion = 17.5.2.0
MinimumVisualStudioVersion = 10.0.40219.1
Project("{FAE04EC0-301F-11D3-BF4B-00C04F79EFBC}") = "SendGrid-Example1", "SendGrid-Example1.csproj", "{8ED542C9-D932-8275-1870-F80D8E5F8DE3}"
EndProject
Global
	GlobalSection(SolutionConfigurationPlatforms) = preSolution
		Debug|Any CPU = Debug|Any CPU
		Release|Any CPU = Release|Any CPU
	EndGlobalSection
	GlobalSection(ProjectConfigurationPlatforms) = postSolution
		{8ED542C9-D932-8275-1870-F80D8E5F8DE3}.Debug|Any CPU.ActiveCfg = Debug|Any CPU
		{8ED542C9-D932-8275-1870-F80D8E5F8DE3}.Debug|Any CPU.Build.0 = Debug|Any CPU
		{8ED542C9-D932-8275-1870-F80D8E5F8DE3}.Release|Any CPU.ActiveCfg = Release|Any CPU
		{8ED542C9-D932-8275-1870-F80D8E5F8DE3}.Release|Any CPU.Build.0 = Release|Any CPU
	EndGlobalSection
	GlobalSection(SolutionProperties) = preSolution
		HideSolutionNode = FALSE
	EndGlobalSection
	GlobalSection(ExtensibilityGlobals) = postSolution
		SolutionGuid = {ECBB6C25-7AC8-4084-8B5B-75BACCE7E8B4}
	EndGlobalSection
EndGlobal
