Microsoft Visual Studio Solution File, Format Version 12.00
# Visual Studio Version 17
VisualStudioVersion = 17.5.2.0
MinimumVisualStudioVersion = 10.0.40219.1
Project("{FAE04EC0-301F-11D3-BF4B-00C04F79EFBC}") = "dotnet-hello-docker", "dotnet-hello-docker.csproj", "{7DDB3099-3467-C94C-C642-9A105CAD41BA}"
EndProject
Global
	GlobalSection(SolutionConfigurationPlatforms) = preSolution
		Debug|Any CPU = Debug|Any CPU
		Release|Any CPU = Release|Any CPU
	EndGlobalSection
	GlobalSection(ProjectConfigurationPlatforms) = postSolution
		{7DDB3099-3467-C94C-C642-9A105CAD41BA}.Debug|Any CPU.ActiveCfg = Debug|Any CPU
		{7DDB3099-3467-C94C-C642-9A105CAD41BA}.Debug|Any CPU.Build.0 = Debug|Any CPU
		{7DDB3099-3467-C94C-C642-9A105CAD41BA}.Release|Any CPU.ActiveCfg = Release|Any CPU
		{7DDB3099-3467-C94C-C642-9A105CAD41BA}.Release|Any CPU.Build.0 = Release|Any CPU
	EndGlobalSection
	GlobalSection(SolutionProperties) = preSolution
		HideSolutionNode = FALSE
	EndGlobalSection
	GlobalSection(ExtensibilityGlobals) = postSolution
		SolutionGuid = {2676C515-6D97-4930-BD50-D7BAE1F9D743}
	EndGlobalSection
EndGlobal
