Microsoft Visual Studio Solution File, Format Version 12.00
# Visual Studio Version 17
VisualStudioVersion = 17.5.2.0
MinimumVisualStudioVersion = 10.0.40219.1
Project("{2150E333-8FDC-42A3-9474-1A3956D46DE8}") = "FirstExample", "FirstExample", "{F4E22CD5-BA03-BDD1-3B35-E6A3424C0E16}"
EndProject
Project("{FAE04EC0-301F-11D3-BF4B-00C04F79EFBC}") = "RabbitSenderConsole", "FirstExample\RabbitSenderConsole\RabbitSenderConsole.csproj", "{5F134DFC-F71D-9ED7-0D9A-36216D8644A0}"
EndProject
Global
	GlobalSection(SolutionConfigurationPlatforms) = preSolution
		Debug|Any CPU = Debug|Any CPU
		Release|Any CPU = Release|Any CPU
	EndGlobalSection
	GlobalSection(ProjectConfigurationPlatforms) = postSolution
		{5F134DFC-F71D-9ED7-0D9A-36216D8644A0}.Debug|Any CPU.ActiveCfg = Debug|Any CPU
		{5F134DFC-F71D-9ED7-0D9A-36216D8644A0}.Debug|Any CPU.Build.0 = Debug|Any CPU
		{5F134DFC-F71D-9ED7-0D9A-36216D8644A0}.Release|Any CPU.ActiveCfg = Release|Any CPU
		{5F134DFC-F71D-9ED7-0D9A-36216D8644A0}.Release|Any CPU.Build.0 = Release|Any CPU
	EndGlobalSection
	GlobalSection(SolutionProperties) = preSolution
		HideSolutionNode = FALSE
	EndGlobalSection
	GlobalSection(NestedProjects) = preSolution
		{5F134DFC-F71D-9ED7-0D9A-36216D8644A0} = {F4E22CD5-BA03-BDD1-3B35-E6A3424C0E16}
	EndGlobalSection
	GlobalSection(ExtensibilityGlobals) = postSolution
		SolutionGuid = {57C1F475-0DD0-4F86-921C-25E433ECD5B2}
	EndGlobalSection
EndGlobal
