Microsoft Visual Studio Solution File, Format Version 12.00
# Visual Studio Version 17
VisualStudioVersion = 17.5.2.0
MinimumVisualStudioVersion = 10.0.40219.1
Project("{FAE04EC0-301F-11D3-BF4B-00C04F79EFBC}") = "GenericBaseEntityInCleanArchitecture", "GenericBaseEntityInCleanArchitecture.csproj", "{66EDDD8F-B20A-30DE-CC44-817C1931A7DC}"
EndProject
Global
	GlobalSection(SolutionConfigurationPlatforms) = preSolution
		Debug|Any CPU = Debug|Any CPU
		Release|Any CPU = Release|Any CPU
	EndGlobalSection
	GlobalSection(ProjectConfigurationPlatforms) = postSolution
		{66EDDD8F-B20A-30DE-CC44-817C1931A7DC}.Debug|Any CPU.ActiveCfg = Debug|Any CPU
		{66EDDD8F-B20A-30DE-CC44-817C1931A7DC}.Debug|Any CPU.Build.0 = Debug|Any CPU
		{66EDDD8F-B20A-30DE-CC44-817C1931A7DC}.Release|Any CPU.ActiveCfg = Release|Any CPU
		{66EDDD8F-B20A-30DE-CC44-817C1931A7DC}.Release|Any CPU.Build.0 = Release|Any CPU
	EndGlobalSection
	GlobalSection(SolutionProperties) = preSolution
		HideSolutionNode = FALSE
	EndGlobalSection
	GlobalSection(ExtensibilityGlobals) = postSolution
		SolutionGuid = {F4DE0D0B-751A-4A93-8CB4-61C9ABE724D9}
	EndGlobalSection
EndGlobal
