
Microsoft Visual Studio Solution File, Format Version 12.00
# Visual Studio Version 17
VisualStudioVersion = 17.5.002.0
MinimumVisualStudioVersion = 10.0.40219.1
Project("{9A19103F-16F7-4668-BE54-9A1E7A4F7556}") = "TeddySmithCourse", "TeddySmithCourse.csproj", "{76DF41F0-FA72-49B9-85FF-B82FCD3D3D1C}"
EndProject
Global
	GlobalSection(SolutionConfigurationPlatforms) = preSolution
		Debug|Any CPU = Debug|Any CPU
		Release|Any CPU = Release|Any CPU
	EndGlobalSection
	GlobalSection(ProjectConfigurationPlatforms) = postSolution
		{76DF41F0-FA72-49B9-85FF-B82FCD3D3D1C}.Debug|Any CPU.ActiveCfg = Debug|Any CPU
		{76DF41F0-FA72-49B9-85FF-B82FCD3D3D1C}.Debug|Any CPU.Build.0 = Debug|Any CPU
		{76DF41F0-FA72-49B9-85FF-B82FCD3D3D1C}.Release|Any CPU.ActiveCfg = Release|Any CPU
		{76DF41F0-FA72-49B9-85FF-B82FCD3D3D1C}.Release|Any CPU.Build.0 = Release|Any CPU
	EndGlobalSection
	GlobalSection(SolutionProperties) = preSolution
		HideSolutionNode = FALSE
	EndGlobalSection
	GlobalSection(ExtensibilityGlobals) = postSolution
		SolutionGuid = {4CC856DF-3847-45A8-AABF-12C446157F16}
	EndGlobalSection
EndGlobal
